
Microsoft Visual Studio Solution File, Format Version 12.00
# Visual Studio 15
Project("{FAE04EC0-301F-11D3-BF4B-00C04F79EFBC}") = "Assembly-CSharp", "Assembly-CSharp.csproj", "{5C22F532-FC06-23B1-1C36-8BE926A196DD}"
EndProject
Project("{FAE04EC0-301F-11D3-BF4B-00C04F79EFBC}") = "Assembly-CSharp-Editor", "Assembly-CSharp-Editor.csproj", "{95BCA9B3-3A0D-58C1-2B92-630861E3F2B2}"
EndProject
Global
	GlobalSection(SolutionConfigurationPlatforms) = preSolution
		Debug|Any CPU = Debug|Any CPU
		Release|Any CPU = Release|Any CPU
	EndGlobalSection
	GlobalSection(ProjectConfigurationPlatforms) = postSolution
		{5C22F532-FC06-23B1-1C36-8BE926A196DD}.Debug|Any CPU.ActiveCfg = Debug|Any CPU
		{5C22F532-FC06-23B1-1C36-8BE926A196DD}.Debug|Any CPU.Build.0 = Debug|Any CPU
		{5C22F532-FC06-23B1-1C36-8BE926A196DD}.Release|Any CPU.ActiveCfg = Release|Any CPU
		{5C22F532-FC06-23B1-1C36-8BE926A196DD}.Release|Any CPU.Build.0 = Release|Any CPU
		{95BCA9B3-3A0D-58C1-2B92-630861E3F2B2}.Debug|Any CPU.ActiveCfg = Debug|Any CPU
		{95BCA9B3-3A0D-58C1-2B92-630861E3F2B2}.Debug|Any CPU.Build.0 = Debug|Any CPU
		{95BCA9B3-3A0D-58C1-2B92-630861E3F2B2}.Release|Any CPU.ActiveCfg = Release|Any CPU
		{95BCA9B3-3A0D-58C1-2B92-630861E3F2B2}.Release|Any CPU.Build.0 = Release|Any CPU
	EndGlobalSection
	GlobalSection(SolutionProperties) = preSolution
		HideSolutionNode = FALSE
	EndGlobalSection
EndGlobal
